
Microsoft Visual Studio Solution File, Format Version 12.00
# Visual Studio 15
VisualStudioVersion = 15.0.26730.15
MinimumVisualStudioVersion = 10.0.40219.1
Project("{888888A0-9F3D-457C-B088-3A5042F75D52}") = "NeuralNetworks", "NeuralNetworks\NeuralNetworks.pyproj", "{42282592-F77A-49C5-8F1E-690C5E44E5D6}"
EndProject
Global
	GlobalSection(SolutionConfigurationPlatforms) = preSolution
		Debug|Any CPU = Debug|Any CPU
		Release|Any CPU = Release|Any CPU
	EndGlobalSection
	GlobalSection(ProjectConfigurationPlatforms) = postSolution
		{42282592-F77A-49C5-8F1E-690C5E44E5D6}.Debug|Any CPU.ActiveCfg = Debug|Any CPU
		{42282592-F77A-49C5-8F1E-690C5E44E5D6}.Release|Any CPU.ActiveCfg = Release|Any CPU
	EndGlobalSection
	GlobalSection(SolutionProperties) = preSolution
		HideSolutionNode = FALSE
	EndGlobalSection
	GlobalSection(ExtensibilityGlobals) = postSolution
		SolutionGuid = {6056FD36-0570-444F-B421-F5D9EF01D361}
	EndGlobalSection
EndGlobal
